{
    "_meta": {
        "hash": {
            "sha256": "063d185d9e762009d9c69b360f64dec99a421a1576198edec83fc66acadce3b3"
        },
        "pipfile-spec": 6,
        "requires": {
            "python_version": "3.12.3"
        },
        "sources": [
            {
                "name": "pypi",
                "url": "https://pypi.org/simple",
                "verify_ssl": true
            }
        ]
    },
    "default": {
        "asgiref": {
            "hashes": [
                "sha256:3e1e3ecc849832fe52ccf2cb6686b7a55f82bb1d6aee72a58826471390335e47",
                "sha256:c343bd80a0bec947a9860adb4c432ffa7db769836c64238fc34bdc3fec84d590"
            ],
            "markers": "python_version >= '3.8'",
            "version": "==3.8.1"
        },
        "django": {
            "hashes": [
                "sha256:1a47f7a7a3d43ce64570d350e008d2949abe8c7e21737b351b6a1611277c6d89",
                "sha256:91ceed4e3a6db5aedced65e3c8f963118ea9ba753fc620831c77074e620e7d83"
            ],
            "index": "pypi",
            "markers": "python_version >= '3.10'",
            "version": "==5.2"
        },
        "django-rest-framework": {
            "hashes": [
                "sha256:47a8f496fa69e3b6bd79f68dd7a1527d907d6b77f009e9db7cf9bb21cc565e4a"
            ],
            "index": "pypi",
            "version": "==0.1.0"
        },
        "djangorestframework": {
            "hashes": [
                "sha256:bea7e9f6b96a8584c5224bfb2e4348dfb3f8b5e34edbecb98da258e892089361",
                "sha256:f022ff46613584de994c0c6a4aebbace5fd700555fbe9d33b865ebf173eba6c9"
            ],
            "markers": "python_version >= '3.9'",
            "version": "==3.16.0"
        },
        "sqlparse": {
            "hashes": [
                "sha256:09f67787f56a0b16ecdbde1bfc7f5d9c3371ca683cfeaa8e6ff60b4807ec9272",
                "sha256:cf2196ed3418f3ba5de6af7e82c694a9fbdbfecccdfc72e281548517081f16ca"
            ],
            "markers": "python_version >= '3.8'",
            "version": "==0.5.3"
        }
    },
    "develop": {
        "django-types": {
            "hashes": [
                "sha256:4e55d2c56155e3d69d75def9eb1d95a891303f2ac19fccf6fe8056da4293fae7",
                "sha256:a0b5c2c9a1e591684bb21a93b64e50ca6cb2d3eab48f49faff1eac706bd3a9c7"
            ],
            "index": "pypi",
            "markers": "python_version >= '3.8' and python_version < '4.0'",
            "version": "==0.20.0"
        },
        "djangorestframework-types": {
            "hashes": [
                "sha256:5e4258fe43774d0a3d018780170bd702bf615407fe244453ea5ec6e6676b98c4",
                "sha256:aa6b27fbdab5ff4ab1dfa5376f3b6ec45713ce48dbcdd4226bf3e1410f0deaca"
            ],
            "index": "pypi",
            "markers": "python_version >= '3.8' and python_version < '4.0'",
            "version": "==0.9.0"
        },
        "types-psycopg2": {
            "hashes": [
                "sha256:7296d111ad950bbd2fc979a1ab0572acae69047f922280e77db657c00d2c79c0",
                "sha256:eb6eac5bfb16adfd5f16b818918b9e26a40ede147e0f2bbffdf53a6ef7025a87"
            ],
            "markers": "python_version >= '3.9'",
            "version": "==2.9.21.20250318"
        }
    }
}
